Microsoft Visual Studio Solution File, Format Version 11.00
# Visual Studio 2008

Project("{D31D3C25-F73A-AF82-C050-5D4AF11C84F8}") = "Bond Beat", "Assembly-CSharp.csproj", "{B8AE9FB8-AAB0-D9A9-9C33-E9967F3BBC50}"
EndProject
Global
	GlobalSection(SolutionConfigurationPlatforms) = preSolution
		Debug|Any CPU = Debug|Any CPU
		Release|Any CPU = Release|Any CPU
	EndGlobalSection
	GlobalSection(ProjectConfigurationPlatforms) = postSolution
		{B8AE9FB8-AAB0-D9A9-9C33-E9967F3BBC50}.Debug|Any CPU.ActiveCfg = Debug|Any CPU
		{B8AE9FB8-AAB0-D9A9-9C33-E9967F3BBC50}.Debug|Any CPU.Build.0 = Debug|Any CPU
		{B8AE9FB8-AAB0-D9A9-9C33-E9967F3BBC50}.Release|Any CPU.ActiveCfg = Release|Any CPU
		{B8AE9FB8-AAB0-D9A9-9C33-E9967F3BBC50}.Release|Any CPU.Build.0 = Release|Any CPU
	EndGlobalSection
	GlobalSection(SolutionProperties) = preSolution
		HideSolutionNode = FALSE
	EndGlobalSection
	GlobalSection(MonoDevelopProperties) = preSolution
		StartupItem = Assembly-CSharp.csproj
	EndGlobalSection
EndGlobal
